// !$*UTF8*$!
{
	archiveVersion = 1;
	classes = {
	};
	objectVersion = 46;
	objects = {

/* Begin PBXBuildFile section */
		10FF2E69FB2A0D4DEDB89ADB /* Pods_In_Sight.framework in Frameworks */ = {isa = PBXBuildFile; fileRef = 375D2C3D803B9A8BA8C8E731 /* Pods_In_Sight.framework */; };
		FE228EB81F780FCA00DBFBAE /* GameSettings.swift in Sources */ = {isa = PBXBuildFile; fileRef = FE228EB71F780FCA00DBFBAE /* GameSettings.swift */; };
		FE228EBA1F78191100DBFBAE /* Json.swift in Sources */ = {isa = PBXBuildFile; fileRef = FE228EB91F78191000DBFBAE /* Json.swift */; };
		FE228EBC1F7819E200DBFBAE /* PlayerJoin.swift in Sources */ = {isa = PBXBuildFile; fileRef = FE228EBB1F7819E200DBFBAE /* PlayerJoin.swift */; };
		FE28D1211FB8DB9400F92544 /* FlagUpdate.swift in Sources */ = {isa = PBXBuildFile; fileRef = FE28D1201FB8DB9300F92544 /* FlagUpdate.swift */; };
		FE28D1231FB8DE2B00F92544 /* CatchUpdate.swift in Sources */ = {isa = PBXBuildFile; fileRef = FE28D1221FB8DE2B00F92544 /* CatchUpdate.swift */; };
		FE28D1251FB8DEA500F92544 /* PlayerUpdate.swift in Sources */ = {isa = PBXBuildFile; fileRef = FE28D1241FB8DEA500F92544 /* PlayerUpdate.swift */; };
		FE28D1271FB8E04300F92544 /* ServerConnection.swift in Sources */ = {isa = PBXBuildFile; fileRef = FE28D1261FB8E04300F92544 /* ServerConnection.swift */; };
		FE72E80C1F66FEAA00E994B3 /* MapViewController.swift in Sources */ = {isa = PBXBuildFile; fileRef = FE72E80B1F66FEAA00E994B3 /* MapViewController.swift */; };
		FE72E8141F67053600E994B3 /* Podfile in Resources */ = {isa = PBXBuildFile; fileRef = FE72E8131F67053600E994B3 /* Podfile */; };
		FE7842D31F6CA7DD009B3BF8 /* CreateGameViewController.swift in Sources */ = {isa = PBXBuildFile; fileRef = FE7842D21F6CA7DC009B3BF8 /* CreateGameViewController.swift */; };
		FE7842D51F6CA8A8009B3BF8 /* JoinGameViewController.swift in Sources */ = {isa = PBXBuildFile; fileRef = FE7842D41F6CA8A8009B3BF8 /* JoinGameViewController.swift */; };
		FE7842D71F6CA9B5009B3BF8 /* AddBoundariesViewController.swift in Sources */ = {isa = PBXBuildFile; fileRef = FE7842D61F6CA9B5009B3BF8 /* AddBoundariesViewController.swift */; };
		FE7842D91F6CA9E8009B3BF8 /* WaitForPlayersViewController.swift in Sources */ = {isa = PBXBuildFile; fileRef = FE7842D81F6CA9E8009B3BF8 /* WaitForPlayersViewController.swift */; };
		FE7842DB1F6CAA12009B3BF8 /* SettingsViewController.swift in Sources */ = {isa = PBXBuildFile; fileRef = FE7842DA1F6CAA12009B3BF8 /* SettingsViewController.swift */; };
		FE7842DD1F6CAA30009B3BF8 /* ScoreViewController.swift in Sources */ = {isa = PBXBuildFile; fileRef = FE7842DC1F6CAA30009B3BF8 /* ScoreViewController.swift */; };
		FE96EF581F64A94A00937051 /* AppDelegate.swift in Sources */ = {isa = PBXBuildFile; fileRef = FE96EF571F64A94A00937051 /* AppDelegate.swift */; };
		FE96EF5A1F64A94A00937051 /* ViewController.swift in Sources */ = {isa = PBXBuildFile; fileRef = FE96EF591F64A94A00937051 /* ViewController.swift */; };
		FE96EF5D1F64A94A00937051 /* Main.storyboard in Resources */ = {isa = PBXBuildFile; fileRef = FE96EF5B1F64A94A00937051 /* Main.storyboard */; };
		FE96EF5F1F64A94A00937051 /* Assets.xcassets in Resources */ = {isa = PBXBuildFile; fileRef = FE96EF5E1F64A94A00937051 /* Assets.xcassets */; };
		FE96EF621F64A94A00937051 /* LaunchScreen.storyboard in Resources */ = {isa = PBXBuildFile; fileRef = FE96EF601F64A94A00937051 /* LaunchScreen.storyboard */; };
		FE96EF6D1F64A94B00937051 /* In_SightTests.swift in Sources */ = {isa = PBXBuildFile; fileRef = FE96EF6C1F64A94B00937051 /* In_SightTests.swift */; };
		FE96EF781F64A94B00937051 /* In_SightUITests.swift in Sources */ = {isa = PBXBuildFile; fileRef = FE96EF771F64A94B00937051 /* In_SightUITests.swift */; };
		FE96EF861F64C14900937051 /* RoundedRectangleButton.swift in Sources */ = {isa = PBXBuildFile; fileRef = FE96EF851F64C14900937051 /* RoundedRectangleButton.swift */; };
		FE97205B1FB612E600795407 /* Game.swift in Sources */ = {isa = PBXBuildFile; fileRef = FE97205A1FB612E600795407 /* Game.swift */; };
		FE97205D1FB612F800795407 /* Player.swift in Sources */ = {isa = PBXBuildFile; fileRef = FE97205C1FB612F800795407 /* Player.swift */; };
		FE97205F1FB6130800795407 /* Flag.swift in Sources */ = {isa = PBXBuildFile; fileRef = FE97205E1FB6130800795407 /* Flag.swift */; };
		FEBFF3251FC9D32600AC8E74 /* GameJsonTest.swift in Sources */ = {isa = PBXBuildFile; fileRef = FEBFF3241FC9D32600AC8E74 /* GameJsonTest.swift */; };
		FEF91D4D1F671839003B58DB /* MainGameViewController.swift in Sources */ = {isa = PBXBuildFile; fileRef = FEF91D4C1F671839003B58DB /* MainGameViewController.swift */; };
/* End PBXBuildFile section */

/* Begin PBXContainerItemProxy section */
		FE96EF691F64A94B00937051 /* PBXContainerItemProxy */ = {
			isa = PBXContainerItemProxy;
			containerPortal = FE96EF4C1F64A94A00937051 /* Project object */;
			proxyType = 1;
			remoteGlobalIDString = FE96EF531F64A94A00937051;
			remoteInfo = "In Sight";
		};
		FE96EF741F64A94B00937051 /* PBXContainerItemProxy */ = {
			isa = PBXContainerItemProxy;
			containerPortal = FE96EF4C1F64A94A00937051 /* Project object */;
			proxyType = 1;
			remoteGlobalIDString = FE96EF531F64A94A00937051;
			remoteInfo = "In Sight";
		};
/* End PBXContainerItemProxy section */

/* Begin PBXFileReference section */
		375D2C3D803B9A8BA8C8E731 /* Pods_In_Sight.framework */ = {isa = PBXFileReference; explicitFileType = wrapper.framework; includeInIndex = 0; path = Pods_In_Sight.framework; sourceTree = BUILT_PRODUCTS_DIR; };
		59B8E1F3AAD2F1B7DEB8BC43 /* Pods-In Sight.debug.xcconfig */ = {isa = PBXFileReference; includeInIndex = 1; lastKnownFileType = text.xcconfig; name = "Pods-In Sight.debug.xcconfig"; path = "Pods/Target Support Files/Pods-In Sight/Pods-In Sight.debug.xcconfig"; sourceTree = "<group>"; };
		8A7E6E7F5AEB9408D168E948 /* Pods-In Sight.release.xcconfig */ = {isa = PBXFileReference; includeInIndex = 1; lastKnownFileType = text.xcconfig; name = "Pods-In Sight.release.xcconfig"; path = "Pods/Target Support Files/Pods-In Sight/Pods-In Sight.release.xcconfig"; sourceTree = "<group>"; };
		FE228EB71F780FCA00DBFBAE /* GameSettings.swift */ = {isa = PBXFileReference; lastKnownFileType = sourcecode.swift; name = GameSettings.swift; path = "In Sight/models/GameSettings.swift"; sourceTree = "<group>"; };
		FE228EB91F78191000DBFBAE /* Json.swift */ = {isa = PBXFileReference; fileEncoding = 4; lastKnownFileType = sourcecode.swift; name = Json.swift; path = "In Sight/web/Json.swift"; sourceTree = "<group>"; };
		FE228EBB1F7819E200DBFBAE /* PlayerJoin.swift */ = {isa = PBXFileReference; lastKnownFileType = sourcecode.swift; name = PlayerJoin.swift; path = "In Sight/models/PlayerJoin.swift"; sourceTree = "<group>"; };
		FE28D1201FB8DB9300F92544 /* FlagUpdate.swift */ = {isa = PBXFileReference; lastKnownFileType = sourcecode.swift; path = FlagUpdate.swift; sourceTree = "<group>"; };
		FE28D1221FB8DE2B00F92544 /* CatchUpdate.swift */ = {isa = PBXFileReference; lastKnownFileType = sourcecode.swift; path = CatchUpdate.swift; sourceTree = "<group>"; };
		FE28D1241FB8DEA500F92544 /* PlayerUpdate.swift */ = {isa = PBXFileReference; lastKnownFileType = sourcecode.swift; path = PlayerUpdate.swift; sourceTree = "<group>"; };
		FE28D1261FB8E04300F92544 /* ServerConnection.swift */ = {isa = PBXFileReference; lastKnownFileType = sourcecode.swift; path = ServerConnection.swift; sourceTree = "<group>"; };
		FE72E80B1F66FEAA00E994B3 /* MapViewController.swift */ = {isa = PBXFileReference; fileEncoding = 4; lastKnownFileType = sourcecode.swift; name = MapViewController.swift; path = "In Sight/ViewControllers/MapViewController.swift"; sourceTree = "<group>"; };
		FE72E8131F67053600E994B3 /* Podfile */ = {isa = PBXFileReference; fileEncoding = 4; lastKnownFileType = text; path = Podfile; sourceTree = "<group>"; xcLanguageSpecificationIdentifier = xcode.lang.ruby; };
		FE7842D21F6CA7DC009B3BF8 /* CreateGameViewController.swift */ = {isa = PBXFileReference; fileEncoding = 4; lastKnownFileType = sourcecode.swift; name = CreateGameViewController.swift; path = "In Sight/ViewControllers/CreateGameViewController.swift"; sourceTree = "<group>"; };
		FE7842D41F6CA8A8009B3BF8 /* JoinGameViewController.swift */ = {isa = PBXFileReference; fileEncoding = 4; lastKnownFileType = sourcecode.swift; name = JoinGameViewController.swift; path = "In Sight/ViewControllers/JoinGameViewController.swift"; sourceTree = "<group>"; };
		FE7842D61F6CA9B5009B3BF8 /* AddBoundariesViewController.swift */ = {isa = PBXFileReference; fileEncoding = 4; lastKnownFileType = sourcecode.swift; name = AddBoundariesViewController.swift; path = "In Sight/ViewControllers/AddBoundariesViewController.swift"; sourceTree = "<group>"; };
		FE7842D81F6CA9E8009B3BF8 /* WaitForPlayersViewController.swift */ = {isa = PBXFileReference; fileEncoding = 4; lastKnownFileType = sourcecode.swift; name = WaitForPlayersViewController.swift; path = "In Sight/ViewControllers/WaitForPlayersViewController.swift"; sourceTree = "<group>"; };
		FE7842DA1F6CAA12009B3BF8 /* SettingsViewController.swift */ = {isa = PBXFileReference; fileEncoding = 4; lastKnownFileType = sourcecode.swift; name = SettingsViewController.swift; path = "In Sight/ViewControllers/SettingsViewController.swift"; sourceTree = "<group>"; };
		FE7842DC1F6CAA30009B3BF8 /* ScoreViewController.swift */ = {isa = PBXFileReference; fileEncoding = 4; lastKnownFileType = sourcecode.swift; name = ScoreViewController.swift; path = "In Sight/ViewControllers/ScoreViewController.swift"; sourceTree = "<group>"; };
		FE96EF541F64A94A00937051 /* In Sight.app */ = {isa = PBXFileReference; explicitFileType = wrapper.application; includeInIndex = 0; path = "In Sight.app"; sourceTree = BUILT_PRODUCTS_DIR; };
		FE96EF571F64A94A00937051 /* AppDelegate.swift */ = {isa = PBXFileReference; lastKnownFileType = sourcecode.swift; path = AppDelegate.swift; sourceTree = "<group>"; };
		FE96EF591F64A94A00937051 /* ViewController.swift */ = {isa = PBXFileReference; lastKnownFileType = sourcecode.swift; path = ViewController.swift; sourceTree = "<group>"; };
		FE96EF5C1F64A94A00937051 /* Base */ = {isa = PBXFileReference; lastKnownFileType = file.storyboard; name = Base; path = Base.lproj/Main.storyboard; sourceTree = "<group>"; };
		FE96EF5E1F64A94A00937051 /* Assets.xcassets */ = {isa = PBXFileReference; lastKnownFileType = folder.assetcatalog; path = Assets.xcassets; sourceTree = "<group>"; };
		FE96EF611F64A94A00937051 /* Base */ = {isa = PBXFileReference; lastKnownFileType = file.storyboard; name = Base; path = Base.lproj/LaunchScreen.storyboard; sourceTree = "<group>"; };
		FE96EF631F64A94A00937051 /* Info.plist */ = {isa = PBXFileReference; lastKnownFileType = text.plist.xml; path = Info.plist; sourceTree = "<group>"; };
		FE96EF681F64A94B00937051 /* In SightTests.xctest */ = {isa = PBXFileReference; explicitFileType = wrapper.cfbundle; includeInIndex = 0; path = "In SightTests.xctest"; sourceTree = BUILT_PRODUCTS_DIR; };
		FE96EF6C1F64A94B00937051 /* In_SightTests.swift */ = {isa = PBXFileReference; lastKnownFileType = sourcecode.swift; path = In_SightTests.swift; sourceTree = "<group>"; };
		FE96EF6E1F64A94B00937051 /* Info.plist */ = {isa = PBXFileReference; lastKnownFileType = text.plist.xml; path = Info.plist; sourceTree = "<group>"; };
		FE96EF731F64A94B00937051 /* In SightUITests.xctest */ = {isa = PBXFileReference; explicitFileType = wrapper.cfbundle; includeInIndex = 0; path = "In SightUITests.xctest"; sourceTree = BUILT_PRODUCTS_DIR; };
		FE96EF771F64A94B00937051 /* In_SightUITests.swift */ = {isa = PBXFileReference; lastKnownFileType = sourcecode.swift; path = In_SightUITests.swift; sourceTree = "<group>"; };
		FE96EF791F64A94B00937051 /* Info.plist */ = {isa = PBXFileReference; lastKnownFileType = text.plist.xml; path = Info.plist; sourceTree = "<group>"; };
		FE96EF851F64C14900937051 /* RoundedRectangleButton.swift */ = {isa = PBXFileReference; fileEncoding = 4; lastKnownFileType = sourcecode.swift; name = RoundedRectangleButton.swift; path = CustomUIComponents/RoundedRectangleButton.swift; sourceTree = "<group>"; };
		FE97205A1FB612E600795407 /* Game.swift */ = {isa = PBXFileReference; lastKnownFileType = sourcecode.swift; name = Game.swift; path = "In Sight/models/Game.swift"; sourceTree = "<group>"; };
		FE97205C1FB612F800795407 /* Player.swift */ = {isa = PBXFileReference; lastKnownFileType = sourcecode.swift; path = Player.swift; sourceTree = "<group>"; };
		FE97205E1FB6130800795407 /* Flag.swift */ = {isa = PBXFileReference; lastKnownFileType = sourcecode.swift; path = Flag.swift; sourceTree = "<group>"; };
		FEBFF3241FC9D32600AC8E74 /* GameJsonTest.swift */ = {isa = PBXFileReference; lastKnownFileType = sourcecode.swift; path = GameJsonTest.swift; sourceTree = "<group>"; };
		FEF91D4C1F671839003B58DB /* MainGameViewController.swift */ = {isa = PBXFileReference; fileEncoding = 4; lastKnownFileType = sourcecode.swift; name = MainGameViewController.swift; path = "In Sight/ViewControllers/MainGameViewController.swift"; sourceTree = "<group>"; };
/* End PBXFileReference section */

/* Begin PBXFrameworksBuildPhase section */
		FE96EF511F64A94A00937051 /* Frameworks */ = {
			isa = PBXFrameworksBuildPhase;
			buildActionMask = 2147483647;
			files = (
				10FF2E69FB2A0D4DEDB89ADB /* Pods_In_Sight.framework in Frameworks */,
			);
			runOnlyForDeploymentPostprocessing = 0;
		};
		FE96EF651F64A94B00937051 /* Frameworks */ = {
			isa = PBXFrameworksBuildPhase;
			buildActionMask = 2147483647;
			files = (
			);
			runOnlyForDeploymentPostprocessing = 0;
		};
		FE96EF701F64A94B00937051 /* Frameworks */ = {
			isa = PBXFrameworksBuildPhase;
			buildActionMask = 2147483647;
			files = (
			);
			runOnlyForDeploymentPostprocessing = 0;
		};
/* End PBXFrameworksBuildPhase section */

/* Begin PBXGroup section */
		156F441AB8A28D9CEFE78ECE /* Frameworks */ = {
			isa = PBXGroup;
			children = (
				375D2C3D803B9A8BA8C8E731 /* Pods_In_Sight.framework */,
			);
			name = Frameworks;
			sourceTree = "<group>";
		};
		4452CA131C0FA15D5B948EB2 /* Pods */ = {
			isa = PBXGroup;
			children = (
				59B8E1F3AAD2F1B7DEB8BC43 /* Pods-In Sight.debug.xcconfig */,
				8A7E6E7F5AEB9408D168E948 /* Pods-In Sight.release.xcconfig */,
			);
			name = Pods;
			sourceTree = "<group>";
		};
		FE96EF4B1F64A94A00937051 = {
			isa = PBXGroup;
			children = (
				FE28D1261FB8E04300F92544 /* ServerConnection.swift */,
				FE28D1241FB8DEA500F92544 /* PlayerUpdate.swift */,
				FE28D1221FB8DE2B00F92544 /* CatchUpdate.swift */,
				FE28D1201FB8DB9300F92544 /* FlagUpdate.swift */,
				FE97205E1FB6130800795407 /* Flag.swift */,
				FE97205C1FB612F800795407 /* Player.swift */,
				FE97205A1FB612E600795407 /* Game.swift */,
				FEBFF3241FC9D32600AC8E74 /* GameJsonTest.swift */,
				FE228EBB1F7819E200DBFBAE /* PlayerJoin.swift */,
				FE228EB91F78191000DBFBAE /* Json.swift */,
				FE228EB71F780FCA00DBFBAE /* GameSettings.swift */,
				FE7842D61F6CA9B5009B3BF8 /* AddBoundariesViewController.swift */,
				FE7842D81F6CA9E8009B3BF8 /* WaitForPlayersViewController.swift */,
				FE7842DA1F6CAA12009B3BF8 /* SettingsViewController.swift */,
				FE7842DC1F6CAA30009B3BF8 /* ScoreViewController.swift */,
				FE7842D41F6CA8A8009B3BF8 /* JoinGameViewController.swift */,
				FE7842D21F6CA7DC009B3BF8 /* CreateGameViewController.swift */,
				FEF91D4C1F671839003B58DB /* MainGameViewController.swift */,
				FE72E8131F67053600E994B3 /* Podfile */,
				FE72E80B1F66FEAA00E994B3 /* MapViewController.swift */,
				FE96EF561F64A94A00937051 /* In Sight */,
				FE96EF6B1F64A94B00937051 /* In SightTests */,
				FE96EF761F64A94B00937051 /* In SightUITests */,
				FE96EF551F64A94A00937051 /* Products */,
				4452CA131C0FA15D5B948EB2 /* Pods */,
				156F441AB8A28D9CEFE78ECE /* Frameworks */,
			);
			sourceTree = "<group>";
		};
		FE96EF551F64A94A00937051 /* Products */ = {
			isa = PBXGroup;
			children = (
				FE96EF541F64A94A00937051 /* In Sight.app */,
				FE96EF681F64A94B00937051 /* In SightTests.xctest */,
				FE96EF731F64A94B00937051 /* In SightUITests.xctest */,
			);
			name = Products;
			sourceTree = "<group>";
		};
		FE96EF561F64A94A00937051 /* In Sight */ = {
			isa = PBXGroup;
			children = (
				FE96EF571F64A94A00937051 /* AppDelegate.swift */,
				FE96EF591F64A94A00937051 /* ViewController.swift */,
				FE96EF5B1F64A94A00937051 /* Main.storyboard */,
				FE96EF5E1F64A94A00937051 /* Assets.xcassets */,
				FE96EF601F64A94A00937051 /* LaunchScreen.storyboard */,
				FE96EF631F64A94A00937051 /* Info.plist */,
				FE96EF851F64C14900937051 /* RoundedRectangleButton.swift */,
			);
			path = "In Sight";
			sourceTree = "<group>";
		};
		FE96EF6B1F64A94B00937051 /* In SightTests */ = {
			isa = PBXGroup;
			children = (
				FE96EF6C1F64A94B00937051 /* In_SightTests.swift */,
				FE96EF6E1F64A94B00937051 /* Info.plist */,
			);
			path = "In SightTests";
			sourceTree = "<group>";
		};
		FE96EF761F64A94B00937051 /* In SightUITests */ = {
			isa = PBXGroup;
			children = (
				FE96EF771F64A94B00937051 /* In_SightUITests.swift */,
				FE96EF791F64A94B00937051 /* Info.plist */,
			);
			path = "In SightUITests";
			sourceTree = "<group>";
		};
/* End PBXGroup section */

/* Begin PBXNativeTarget section */
		FE96EF531F64A94A00937051 /* In Sight */ = {
			isa = PBXNativeTarget;
			buildConfigurationList = FE96EF7C1F64A94B00937051 /* Build configuration list for PBXNativeTarget "In Sight" */;
			buildPhases = (
				0969150278C5A5FA14E3660B /* [CP] Check Pods Manifest.lock */,
				FE96EF501F64A94A00937051 /* Sources */,
				FE96EF511F64A94A00937051 /* Frameworks */,
				FE96EF521F64A94A00937051 /* Resources */,
				300FAE06CC3B9BA8549EFC34 /* [CP] Embed Pods Frameworks */,
				41F3B0D495432187BB0F7FE9 /* [CP] Copy Pods Resources */,
			);
			buildRules = (
			);
			dependencies = (
			);
			name = "In Sight";
			productName = "In Sight";
			productReference = FE96EF541F64A94A00937051 /* In Sight.app */;
			productType = "com.apple.product-type.application";
		};
		FE96EF671F64A94B00937051 /* In SightTests */ = {
			isa = PBXNativeTarget;
			buildConfigurationList = FE96EF7F1F64A94B00937051 /* Build configuration list for PBXNativeTarget "In SightTests" */;
			buildPhases = (
				FE96EF641F64A94B00937051 /* Sources */,
				FE96EF651F64A94B00937051 /* Frameworks */,
				FE96EF661F64A94B00937051 /* Resources */,
			);
			buildRules = (
			);
			dependencies = (
				FE96EF6A1F64A94B00937051 /* PBXTargetDependency */,
			);
			name = "In SightTests";
			productName = "In SightTests";
			productReference = FE96EF681F64A94B00937051 /* In SightTests.xctest */;
			productType = "com.apple.product-type.bundle.unit-test";
		};
		FE96EF721F64A94B00937051 /* In SightUITests */ = {
			isa = PBXNativeTarget;
			buildConfigurationList = FE96EF821F64A94B00937051 /* Build configuration list for PBXNativeTarget "In SightUITests" */;
			buildPhases = (
				FE96EF6F1F64A94B00937051 /* Sources */,
				FE96EF701F64A94B00937051 /* Frameworks */,
				FE96EF711F64A94B00937051 /* Resources */,
			);
			buildRules = (
			);
			dependencies = (
				FE96EF751F64A94B00937051 /* PBXTargetDependency */,
			);
			name = "In SightUITests";
			productName = "In SightUITests";
			productReference = FE96EF731F64A94B00937051 /* In SightUITests.xctest */;
			productType = "com.apple.product-type.bundle.ui-testing";
		};
/* End PBXNativeTarget section */

/* Begin PBXProject section */
		FE96EF4C1F64A94A00937051 /* Project object */ = {
			isa = PBXProject;
			attributes = {
				LastSwiftUpdateCheck = 0820;
				LastUpgradeCheck = 0820;
				ORGANIZATIONNAME = "Kelly Maclauchlan";
				TargetAttributes = {
					FE96EF531F64A94A00937051 = {
						CreatedOnToolsVersion = 8.2.1;
						DevelopmentTeam = 455YJFC52Q;
						ProvisioningStyle = Automatic;
					};
					FE96EF671F64A94B00937051 = {
						CreatedOnToolsVersion = 8.2.1;
						DevelopmentTeam = 455YJFC52Q;
						ProvisioningStyle = Automatic;
						TestTargetID = FE96EF531F64A94A00937051;
					};
					FE96EF721F64A94B00937051 = {
						CreatedOnToolsVersion = 8.2.1;
						DevelopmentTeam = 455YJFC52Q;
						ProvisioningStyle = Automatic;
						TestTargetID = FE96EF531F64A94A00937051;
					};
				};
			};
			buildConfigurationList = FE96EF4F1F64A94A00937051 /* Build configuration list for PBXProject "In Sight" */;
			compatibilityVersion = "Xcode 3.2";
			developmentRegion = English;
			hasScannedForEncodings = 0;
			knownRegions = (
				en,
				Base,
			);
			mainGroup = FE96EF4B1F64A94A00937051;
			productRefGroup = FE96EF551F64A94A00937051 /* Products */;
			projectDirPath = "";
			projectRoot = "";
			targets = (
				FE96EF531F64A94A00937051 /* In Sight */,
				FE96EF671F64A94B00937051 /* In SightTests */,
				FE96EF721F64A94B00937051 /* In SightUITests */,
			);
		};
/* End PBXProject section */

/* Begin PBXResourcesBuildPhase section */
		FE96EF521F64A94A00937051 /* Resources */ = {
			isa = PBXResourcesBuildPhase;
			buildActionMask = 2147483647;
			files = (
				FE96EF621F64A94A00937051 /* LaunchScreen.storyboard in Resources */,
				FE96EF5F1F64A94A00937051 /* Assets.xcassets in Resources */,
				FE72E8141F67053600E994B3 /* Podfile in Resources */,
				FE96EF5D1F64A94A00937051 /* Main.storyboard in Resources */,
			);
			runOnlyForDeploymentPostprocessing = 0;
		};
		FE96EF661F64A94B00937051 /* Resources */ = {
			isa = PBXResourcesBuildPhase;
			buildActionMask = 2147483647;
			files = (
			);
			runOnlyForDeploymentPostprocessing = 0;
		};
		FE96EF711F64A94B00937051 /* Resources */ = {
			isa = PBXResourcesBuildPhase;
			buildActionMask = 2147483647;
			files = (
			);
			runOnlyForDeploymentPostprocessing = 0;
		};
/* End PBXResourcesBuildPhase section */

/* Begin PBXShellScriptBuildPhase section */
		0969150278C5A5FA14E3660B /* [CP] Check Pods Manifest.lock */ = {
			isa = PBXShellScriptBuildPhase;
			buildActionMask = 2147483647;
			files = (
			);
			inputPaths = (
				"${PODS_PODFILE_DIR_PATH}/Podfile.lock",
				"${PODS_ROOT}/Manifest.lock",
			);
			name = "[CP] Check Pods Manifest.lock";
			outputPaths = (
				"$(DERIVED_FILE_DIR)/Pods-In Sight-checkManifestLockResult.txt",
			);
			runOnlyForDeploymentPostprocessing = 0;
			shellPath = /bin/sh;
			shellScript = "diff \"${PODS_PODFILE_DIR_PATH}/Podfile.lock\" \"${PODS_ROOT}/Manifest.lock\" > /dev/null\nif [ $? != 0 ] ; then\n    # print error to STDERR\n    echo \"error: The sandbox is not in sync with the Podfile.lock. Run 'pod install' or update your CocoaPods installation.\" >&2\n    exit 1\nfi\n# This output is used by Xcode 'outputs' to avoid re-running this script phase.\necho \"SUCCESS\" > \"${SCRIPT_OUTPUT_FILE_0}\"\n";
			showEnvVarsInLog = 0;
		};
		300FAE06CC3B9BA8549EFC34 /* [CP] Embed Pods Frameworks */ = {
			isa = PBXShellScriptBuildPhase;
			buildActionMask = 2147483647;
			files = (
			);
			inputPaths = (
				"${SRCROOT}/Pods/Target Support Files/Pods-In Sight/Pods-In Sight-frameworks.sh",
				"${BUILT_PRODUCTS_DIR}/Gloss/Gloss.framework",
			);
			name = "[CP] Embed Pods Frameworks";
			outputPaths = (
				"${TARGET_BUILD_DIR}/${FRAMEWORKS_FOLDER_PATH}/Gloss.framework",
			);
			runOnlyForDeploymentPostprocessing = 0;
			shellPath = /bin/sh;
			shellScript = "\"${SRCROOT}/Pods/Target Support Files/Pods-In Sight/Pods-In Sight-frameworks.sh\"\n";
			showEnvVarsInLog = 0;
		};
		41F3B0D495432187BB0F7FE9 /* [CP] Copy Pods Resources */ = {
			isa = PBXShellScriptBuildPhase;
			buildActionMask = 2147483647;
			files = (
			);
			inputPaths = (
				"${SRCROOT}/Pods/Target Support Files/Pods-In Sight/Pods-In Sight-resources.sh",
				"${PODS_ROOT}/GoogleMaps/Maps/Frameworks/GoogleMaps.framework/Resources/GoogleMaps.bundle",
				"${PODS_ROOT}/GooglePlaces/Frameworks/GooglePlaces.framework/Resources/GooglePlaces.bundle",
			);
			name = "[CP] Copy Pods Resources";
			outputPaths = (
				"${TARGET_BUILD_DIR}/${UNLOCALIZED_RESOURCES_FOLDER_PATH}",
			);
			runOnlyForDeploymentPostprocessing = 0;
			shellPath = /bin/sh;
			shellScript = "\"${SRCROOT}/Pods/Target Support Files/Pods-In Sight/Pods-In Sight-resources.sh\"\n";
			showEnvVarsInLog = 0;
		};
/* End PBXShellScriptBuildPhase section */

/* Begin PBXSourcesBuildPhase section */
		FE96EF501F64A94A00937051 /* Sources */ = {
			isa = PBXSourcesBuildPhase;
			buildActionMask = 2147483647;
			files = (
				FE7842D51F6CA8A8009B3BF8 /* JoinGameViewController.swift in Sources */,
				FE97205B1FB612E600795407 /* Game.swift in Sources */,
				FE7842D31F6CA7DD009B3BF8 /* CreateGameViewController.swift in Sources */,
				FE228EBC1F7819E200DBFBAE /* PlayerJoin.swift in Sources */,
				FE97205D1FB612F800795407 /* Player.swift in Sources */,
				FE28D1251FB8DEA500F92544 /* PlayerUpdate.swift in Sources */,
				FE7842D71F6CA9B5009B3BF8 /* AddBoundariesViewController.swift in Sources */,
				FE28D1231FB8DE2B00F92544 /* CatchUpdate.swift in Sources */,
				FE7842D91F6CA9E8009B3BF8 /* WaitForPlayersViewController.swift in Sources */,
				FE96EF5A1F64A94A00937051 /* ViewController.swift in Sources */,
				FE28D1271FB8E04300F92544 /* ServerConnection.swift in Sources */,
				FE7842DD1F6CAA30009B3BF8 /* ScoreViewController.swift in Sources */,
				FE96EF861F64C14900937051 /* RoundedRectangleButton.swift in Sources */,
				FE28D1211FB8DB9400F92544 /* FlagUpdate.swift in Sources */,
				FEF91D4D1F671839003B58DB /* MainGameViewController.swift in Sources */,
				FE97205F1FB6130800795407 /* Flag.swift in Sources */,
				FE228EB81F780FCA00DBFBAE /* GameSettings.swift in Sources */,
				FE7842DB1F6CAA12009B3BF8 /* SettingsViewController.swift in Sources */,
				FE96EF581F64A94A00937051 /* AppDelegate.swift in Sources */,
				FE228EBA1F78191100DBFBAE /* Json.swift in Sources */,
				FE72E80C1F66FEAA00E994B3 /* MapViewController.swift in Sources */,
			);
			runOnlyForDeploymentPostprocessing = 0;
		};
		FE96EF641F64A94B00937051 /* Sources */ = {
			isa = PBXSourcesBuildPhase;
			buildActionMask = 2147483647;
			files = (
				FE96EF6D1F64A94B00937051 /* In_SightTests.swift in Sources */,
				FEBFF3251FC9D32600AC8E74 /* GameJsonTest.swift in Sources */,
			);
			runOnlyForDeploymentPostprocessing = 0;
		};
		FE96EF6F1F64A94B00937051 /* Sources */ = {
			isa = PBXSourcesBuildPhase;
			buildActionMask = 2147483647;
			files = (
				FE96EF781F64A94B00937051 /* In_SightUITests.swift in Sources */,
			);
			runOnlyForDeploymentPostprocessing = 0;
		};
/* End PBXSourcesBuildPhase section */

/* Begin PBXTargetDependency section */
		FE96EF6A1F64A94B00937051 /* PBXTargetDependency */ = {
			isa = PBXTargetDependency;
			target = FE96EF531F64A94A00937051 /* In Sight */;
			targetProxy = FE96EF691F64A94B00937051 /* PBXContainerItemProxy */;
		};
		FE96EF751F64A94B00937051 /* PBXTargetDependency */ = {
			isa = PBXTargetDependency;
			target = FE96EF531F64A94A00937051 /* In Sight */;
			targetProxy = FE96EF741F64A94B00937051 /* PBXContainerItemProxy */;
		};
/* End PBXTargetDependency section */

/* Begin PBXVariantGroup section */
		FE96EF5B1F64A94A00937051 /* Main.storyboard */ = {
			isa = PBXVariantGroup;
			children = (
				FE96EF5C1F64A94A00937051 /* Base */,
			);
			name = Main.storyboard;
			sourceTree = "<group>";
		};
		FE96EF601F64A94A00937051 /* LaunchScreen.storyboard */ = {
			isa = PBXVariantGroup;
			children = (
				FE96EF611F64A94A00937051 /* Base */,
			);
			name = LaunchScreen.storyboard;
			sourceTree = "<group>";
		};
/* End PBXVariantGroup section */

/* Begin XCBuildConfiguration section */
		FE96EF7A1F64A94B00937051 /* Debug */ = {
			isa = XCBuildConfiguration;
			buildSettings = {
				ALWAYS_SEARCH_USER_PATHS = NO;
				CLANG_ANALYZER_NONNULL = YES;
				CLANG_CXX_LANGUAGE_STANDARD = "gnu++0x";
				CLANG_CXX_LIBRARY = "libc++";
				CLANG_ENABLE_MODULES = YES;
				CLANG_ENABLE_OBJC_ARC = YES;
				CLANG_WARN_BOOL_CONVERSION = YES;
				CLANG_WARN_CONSTANT_CONVERSION = YES;
				CLANG_WARN_DIRECT_OBJC_ISA_USAGE = YES_ERROR;
				CLANG_WARN_DOCUMENTATION_COMMENTS = YES;
				CLANG_WARN_EMPTY_BODY = YES;
				CLANG_WARN_ENUM_CONVERSION = YES;
				CLANG_WARN_INFINITE_RECURSION = YES;
				CLANG_WARN_INT_CONVERSION = YES;
				CLANG_WARN_OBJC_ROOT_CLASS = YES_ERROR;
				CLANG_WARN_SUSPICIOUS_MOVE = YES;
				CLANG_WARN_UNREACHABLE_CODE = YES;
				CLANG_WARN__DUPLICATE_METHOD_MATCH = YES;
				"CODE_SIGN_IDENTITY[sdk=iphoneos*]" = "iPhone Developer";
				COPY_PHASE_STRIP = NO;
				DEBUG_INFORMATION_FORMAT = dwarf;
				ENABLE_STRICT_OBJC_MSGSEND = YES;
				ENABLE_TESTABILITY = YES;
				GCC_C_LANGUAGE_STANDARD = gnu99;
				GCC_DYNAMIC_NO_PIC = NO;
				GCC_NO_COMMON_BLOCKS = YES;
				GCC_OPTIMIZATION_LEVEL = 0;
				GCC_PREPROCESSOR_DEFINITIONS = (
					"DEBUG=1",
					"$(inherited)",
				);
				GCC_WARN_64_TO_32_BIT_CONVERSION = YES;
				GCC_WARN_ABOUT_RETURN_TYPE = YES_ERROR;
				GCC_WARN_UNDECLARED_SELECTOR = YES;
				GCC_WARN_UNINITIALIZED_AUTOS = YES_AGGRESSIVE;
				GCC_WARN_UNUSED_FUNCTION = YES;
				GCC_WARN_UNUSED_VARIABLE = YES;
				IPHONEOS_DEPLOYMENT_TARGET = 10.2;
				MTL_ENABLE_DEBUG_INFO = YES;
				ONLY_ACTIVE_ARCH = YES;
				SDKROOT = iphoneos;
				SWIFT_ACTIVE_COMPILATION_CONDITIONS = DEBUG;
				SWIFT_OPTIMIZATION_LEVEL = "-Onone";
			};
			name = Debug;
		};
		FE96EF7B1F64A94B00937051 /* Release */ = {
			isa = XCBuildConfiguration;
			buildSettings = {
				ALWAYS_SEARCH_USER_PATHS = NO;
				CLANG_ANALYZER_NONNULL = YES;
				CLANG_CXX_LANGUAGE_STANDARD = "gnu++0x";
				CLANG_CXX_LIBRARY = "libc++";
				CLANG_ENABLE_MODULES = YES;
				CLANG_ENABLE_OBJC_ARC = YES;
				CLANG_WARN_BOOL_CONVERSION = YES;
				CLANG_WARN_CONSTANT_CONVERSION = YES;
				CLANG_WARN_DIRECT_OBJC_ISA_USAGE = YES_ERROR;
				CLANG_WARN_DOCUMENTATION_COMMENTS = YES;
				CLANG_WARN_EMPTY_BODY = YES;
				CLANG_WARN_ENUM_CONVERSION = YES;
				CLANG_WARN_INFINITE_RECURSION = YES;
				CLANG_WARN_INT_CONVERSION = YES;
				CLANG_WARN_OBJC_ROOT_CLASS = YES_ERROR;
				CLANG_WARN_SUSPICIOUS_MOVE = YES;
				CLANG_WARN_UNREACHABLE_CODE = YES;
				CLANG_WARN__DUPLICATE_METHOD_MATCH = YES;
				"CODE_SIGN_IDENTITY[sdk=iphoneos*]" = "iPhone Developer";
				COPY_PHASE_STRIP = NO;
				DEBUG_INFORMATION_FORMAT = "dwarf-with-dsym";
				ENABLE_NS_ASSERTIONS = NO;
				ENABLE_STRICT_OBJC_MSGSEND = YES;
				GCC_C_LANGUAGE_STANDARD = gnu99;
				GCC_NO_COMMON_BLOCKS = YES;
				GCC_WARN_64_TO_32_BIT_CONVERSION = YES;
				GCC_WARN_ABOUT_RETURN_TYPE = YES_ERROR;
				GCC_WARN_UNDECLARED_SELECTOR = YES;
				GCC_WARN_UNINITIALIZED_AUTOS = YES_AGGRESSIVE;
				GCC_WARN_UNUSED_FUNCTION = YES;
				GCC_WARN_UNUSED_VARIABLE = YES;
				IPHONEOS_DEPLOYMENT_TARGET = 10.2;
				MTL_ENABLE_DEBUG_INFO = NO;
				SDKROOT = iphoneos;
				SWIFT_OPTIMIZATION_LEVEL = "-Owholemodule";
				VALIDATE_PRODUCT = YES;
			};
			name = Release;
		};
		FE96EF7D1F64A94B00937051 /* Debug */ = {
			isa = XCBuildConfiguration;
			baseConfigurationReference = 59B8E1F3AAD2F1B7DEB8BC43 /* Pods-In Sight.debug.xcconfig */;
			buildSettings = {
				ASSETCATALOG_COMPILER_APPICON_NAME = AppIcon;
				DEVELOPMENT_TEAM = 455YJFC52Q;
				INFOPLIST_FILE = "In Sight/Info.plist";
				IPHONEOS_DEPLOYMENT_TARGET = 10.0;
				LD_RUNPATH_SEARCH_PATHS = "$(inherited) @executable_path/Frameworks";
				PRODUCT_BUNDLE_IDENTIFIER = "Kelly.In-Sight";
				PRODUCT_NAME = "$(TARGET_NAME)";
				SWIFT_VERSION = 3.0;
				TARGETED_DEVICE_FAMILY = 1;
			};
			name = Debug;
		};
		FE96EF7E1F64A94B00937051 /* Release */ = {
			isa = XCBuildConfiguration;
			baseConfigurationReference = 8A7E6E7F5AEB9408D168E948 /* Pods-In Sight.release.xcconfig */;
			buildSettings = {
				ASSETCATALOG_COMPILER_APPICON_NAME = AppIcon;
				DEVELOPMENT_TEAM = 455YJFC52Q;
				INFOPLIST_FILE = "In Sight/Info.plist";
				IPHONEOS_DEPLOYMENT_TARGET = 10.0;
				LD_RUNPATH_SEARCH_PATHS = "$(inherited) @executable_path/Frameworks";
				PRODUCT_BUNDLE_IDENTIFIER = "Kelly.In-Sight";
				PRODUCT_NAME = "$(TARGET_NAME)";
				SWIFT_VERSION = 3.0;
				TARGETED_DEVICE_FAMILY = 1;
			};
			name = Release;
		};
		FE96EF801F64A94B00937051 /* Debug */ = {
			isa = XCBuildConfiguration;
			buildSettings = {
				ALWAYS_EMBED_SWIFT_STANDARD_LIBRARIES = YES;
				BUNDLE_LOADER = "$(TEST_HOST)";
				DEVELOPMENT_TEAM = 455YJFC52Q;
				INFOPLIST_FILE = "In SightTests/Info.plist";
				LD_RUNPATH_SEARCH_PATHS = "$(inherited) @executable_path/Frameworks @loader_path/Frameworks";
				PRODUCT_BUNDLE_IDENTIFIER = "Kelly.In-SightTests";
				PRODUCT_NAME = "$(TARGET_NAME)";
				SWIFT_VERSION = 3.0;
				TEST_HOST = "$(BUILT_PRODUCTS_DIR)/In Sight.app/In Sight";
			};
			name = Debug;
		};
		FE96EF811F64A94B00937051 /* Release */ = {
			isa = XCBuildConfiguration;
			buildSettings = {
				ALWAYS_EMBED_SWIFT_STANDARD_LIBRARIES = YES;
				BUNDLE_LOADER = "$(TEST_HOST)";
				DEVELOPMENT_TEAM = 455YJFC52Q;
				INFOPLIST_FILE = "In SightTests/Info.plist";
				LD_RUNPATH_SEARCH_PATHS = "$(inherited) @executable_path/Frameworks @loader_path/Frameworks";
				PRODUCT_BUNDLE_IDENTIFIER = "Kelly.In-SightTests";
				PRODUCT_NAME = "$(TARGET_NAME)";
				SWIFT_VERSION = 3.0;
				TEST_HOST = "$(BUILT_PRODUCTS_DIR)/In Sight.app/In Sight";
			};
			name = Release;
		};
		FE96EF831F64A94B00937051 /* Debug */ = {
			isa = XCBuildConfiguration;
			buildSettings = {
				ALWAYS_EMBED_SWIFT_STANDARD_LIBRARIES = YES;
				DEVELOPMENT_TEAM = 455YJFC52Q;
				INFOPLIST_FILE = "In SightUITests/Info.plist";
				LD_RUNPATH_SEARCH_PATHS = "$(inherited) @executable_path/Frameworks @loader_path/Frameworks";
				PRODUCT_BUNDLE_IDENTIFIER = "Kelly.In-SightUITests";
				PRODUCT_NAME = "$(TARGET_NAME)";
				SWIFT_VERSION = 3.0;
				TEST_TARGET_NAME = "In Sight";
			};
			name = Debug;
		};
		FE96EF841F64A94B00937051 /* Release */ = {
			isa = XCBuildConfiguration;
			buildSettings = {
				ALWAYS_EMBED_SWIFT_STANDARD_LIBRARIES = YES;
				DEVELOPMENT_TEAM = 455YJFC52Q;
				INFOPLIST_FILE = "In SightUITests/Info.plist";
				LD_RUNPATH_SEARCH_PATHS = "$(inherited) @executable_path/Frameworks @loader_path/Frameworks";
				PRODUCT_BUNDLE_IDENTIFIER = "Kelly.In-SightUITests";
				PRODUCT_NAME = "$(TARGET_NAME)";
				SWIFT_VERSION = 3.0;
				TEST_TARGET_NAME = "In Sight";
			};
			name = Release;
		};
/* End XCBuildConfiguration section */

/* Begin XCConfigurationList section */
		FE96EF4F1F64A94A00937051 /* Build configuration list for PBXProject "In Sight" */ = {
			isa = XCConfigurationList;
			buildConfigurations = (
				FE96EF7A1F64A94B00937051 /* Debug */,
				FE96EF7B1F64A94B00937051 /* Release */,
			);
			defaultConfigurationIsVisible = 0;
			defaultConfigurationName = Release;
		};
		FE96EF7C1F64A94B00937051 /* Build configuration list for PBXNativeTarget "In Sight" */ = {
			isa = XCConfigurationList;
			buildConfigurations = (
				FE96EF7D1F64A94B00937051 /* Debug */,
				FE96EF7E1F64A94B00937051 /* Release */,
			);
			defaultConfigurationIsVisible = 0;
			defaultConfigurationName = Release;
		};
		FE96EF7F1F64A94B00937051 /* Build configuration list for PBXNativeTarget "In SightTests" */ = {
			isa = XCConfigurationList;
			buildConfigurations = (
				FE96EF801F64A94B00937051 /* Debug */,
				FE96EF811F64A94B00937051 /* Release */,
			);
			defaultConfigurationIsVisible = 0;
			defaultConfigurationName = Release;
		};
		FE96EF821F64A94B00937051 /* Build configuration list for PBXNativeTarget "In SightUITests" */ = {
			isa = XCConfigurationList;
			buildConfigurations = (
				FE96EF831F64A94B00937051 /* Debug */,
				FE96EF841F64A94B00937051 /* Release */,
			);
			defaultConfigurationIsVisible = 0;
			defaultConfigurationName = Release;
		};
/* End XCConfigurationList section */
	};
	rootObject = FE96EF4C1F64A94A00937051 /* Project object */;
}
